
Microsoft Visual Studio Solution File, Format Version 12.00
# Visual Studio 15
VisualStudioVersion = 15.0.28307.271
MinimumVisualStudioVersion = 10.0.40219.1
Project("{8BC9CEB8-8B4A-11D0-8D11-00A0C91BC942}") = "SFML-desktop", "SFML-desktop\SFML-desktop.vcxproj", "{BEBB18F3-089C-4C2D-BDE3-9494ACB29826}"
EndProject
Global
	GlobalSection(SolutionConfigurationPlatforms) = preSolution
		Debug|x64 = Debug|x64
		Debug|x86 = Debug|x86
		Release|x64 = Release|x64
		Release|x86 = Release|x86
	EndGlobalSection
	GlobalSection(ProjectConfigurationPlatforms) = postSolution
		{BEBB18F3-089C-4C2D-BDE3-9494ACB29826}.Debug|x64.ActiveCfg = Debug|x64
		{BEBB18F3-089C-4C2D-BDE3-9494ACB29826}.Debug|x64.Build.0 = Debug|x64
		{BEBB18F3-089C-4C2D-BDE3-9494ACB29826}.Debug|x86.ActiveCfg = Debug|Win32
		{BEBB18F3-089C-4C2D-BDE3-9494ACB29826}.Debug|x86.Build.0 = Debug|Win32
		{BEBB18F3-089C-4C2D-BDE3-9494ACB29826}.Release|x64.ActiveCfg = Release|x64
		{BEBB18F3-089C-4C2D-BDE3-9494ACB29826}.Release|x64.Build.0 = Release|x64
		{BEBB18F3-089C-4C2D-BDE3-9494ACB29826}.Release|x86.ActiveCfg = Release|Win32
		{BEBB18F3-089C-4C2D-BDE3-9494ACB29826}.Release|x86.Build.0 = Release|Win32
	EndGlobalSection
	GlobalSection(SolutionProperties) = preSolution
		HideSolutionNode = FALSE
	EndGlobalSection
	GlobalSection(ExtensibilityGlobals) = postSolution
		SolutionGuid = {F69CA6F7-AF9E-44FF-A9D4-CD0F6BF7C55D}
	EndGlobalSection
EndGlobal
